
Microsoft Visual Studio Solution File, Format Version 12.00
# Visual Studio Version 16
VisualStudioVersion = 16.0.29519.181
MinimumVisualStudioVersion = 10.0.40219.1
Project("{FAE04EC0-301F-11D3-BF4B-00C04F79EFBC}") = "IngameScript1", "IngameScript1\IngameScript1.csproj", "{60B14703-7334-4B28-9DCE-D3A2FE2206BB}"
EndProject
Global
	GlobalSection(SolutionConfigurationPlatforms) = preSolution
		Debug|x64 = Debug|x64
	EndGlobalSection
	GlobalSection(ProjectConfigurationPlatforms) = postSolution
		{60B14703-7334-4B28-9DCE-D3A2FE2206BB}.Debug|x64.ActiveCfg = Debug|x64
		{60B14703-7334-4B28-9DCE-D3A2FE2206BB}.Debug|x64.Build.0 = Debug|x64
	EndGlobalSection
	GlobalSection(SolutionProperties) = preSolution
		HideSolutionNode = FALSE
	EndGlobalSection
	GlobalSection(ExtensibilityGlobals) = postSolution
		SolutionGuid = {4EA992D5-D6ED-457D-ACAE-7C64F7DD9EEF}
	EndGlobalSection
EndGlobal
